// !$*UTF8*$!
{
	archiveVersion = 1;
	classes = {
	};
	objectVersion = 46;
	objects = {

/* Begin PBXBuildFile section */
		C670F53C1D3DB3FD00C2211B /* AppDelegate.swift in Sources */ = {isa = PBXBuildFile; fileRef = C670F53B1D3DB3FD00C2211B /* AppDelegate.swift */; };
		C670F53E1D3DB3FD00C2211B /* MasterViewController.swift in Sources */ = {isa = PBXBuildFile; fileRef = C670F53D1D3DB3FD00C2211B /* MasterViewController.swift */; };
		C670F5401D3DB3FD00C2211B /* DetailViewController.swift in Sources */ = {isa = PBXBuildFile; fileRef = C670F53F1D3DB3FD00C2211B /* DetailViewController.swift */; };
		C670F5431D3DB3FD00C2211B /* Main.storyboard in Resources */ = {isa = PBXBuildFile; fileRef = C670F5411D3DB3FD00C2211B /* Main.storyboard */; };
		C670F5451D3DB3FD00C2211B /* Assets.xcassets in Resources */ = {isa = PBXBuildFile; fileRef = C670F5441D3DB3FD00C2211B /* Assets.xcassets */; };
		C670F5481D3DB3FD00C2211B /* LaunchScreen.storyboard in Resources */ = {isa = PBXBuildFile; fileRef = C670F5461D3DB3FD00C2211B /* LaunchScreen.storyboard */; };
/* End PBXBuildFile section */

/* Begin PBXFileReference section */
		C670F5381D3DB3FD00C2211B /* RedPacketDemon.app */ = {isa = PBXFileReference; explicitFileType = wrapper.application; includeInIndex = 0; path = RedPacketDemon.app; sourceTree = BUILT_PRODUCTS_DIR; };
		C670F53B1D3DB3FD00C2211B /* AppDelegate.swift */ = {isa = PBXFileReference; lastKnownFileType = sourcecode.swift; path = AppDelegate.swift; sourceTree = "<group>"; };
		C670F53D1D3DB3FD00C2211B /* MasterViewController.swift */ = {isa = PBXFileReference; lastKnownFileType = sourcecode.swift; path = MasterViewController.swift; sourceTree = "<group>"; };
		C670F53F1D3DB3FD00C2211B /* DetailViewController.swift */ = {isa = PBXFileReference; lastKnownFileType = sourcecode.swift; path = DetailViewController.swift; sourceTree = "<group>"; };
		C670F5421D3DB3FD00C2211B /* Base */ = {isa = PBXFileReference; lastKnownFileType = file.storyboard; name = Base; path = Base.lproj/Main.storyboard; sourceTree = "<group>"; };
		C670F5441D3DB3FD00C2211B /* Assets.xcassets */ = {isa = PBXFileReference; lastKnownFileType = folder.assetcatalog; path = Assets.xcassets; sourceTree = "<group>"; };
		C670F5471D3DB3FD00C2211B /* Base */ = {isa = PBXFileReference; lastKnownFileType = file.storyboard; name = Base; path = Base.lproj/LaunchScreen.storyboard; sourceTree = "<group>"; };
		C670F5491D3DB3FD00C2211B /* Info.plist */ = {isa = PBXFileReference; lastKnownFileType = text.plist.xml; path = Info.plist; sourceTree = "<group>"; };
/* End PBXFileReference section */

/* Begin PBXFrameworksBuildPhase section */
		C670F5351D3DB3FD00C2211B /* Frameworks */ = {
			isa = PBXFrameworksBuildPhase;
			buildActionMask = 2147483647;
			files = (
			);
			runOnlyForDeploymentPostprocessing = 0;
		};
/* End PBXFrameworksBuildPhase section */

/* Begin PBXGroup section */
		C670F52F1D3DB3FD00C2211B = {
			isa = PBXGroup;
			children = (
				C670F53A1D3DB3FD00C2211B /* RedPacketDemon */,
				C670F5391D3DB3FD00C2211B /* Products */,
			);
			sourceTree = "<group>";
		};
		C670F5391D3DB3FD00C2211B /* Products */ = {
			isa = PBXGroup;
			children = (
				C670F5381D3DB3FD00C2211B /* RedPacketDemon.app */,
			);
			name = Products;
			sourceTree = "<group>";
		};
		C670F53A1D3DB3FD00C2211B /* RedPacketDemon */ = {
			isa = PBXGroup;
			children = (
				C670F53B1D3DB3FD00C2211B /* AppDelegate.swift */,
				C670F53D1D3DB3FD00C2211B /* MasterViewController.swift */,
				C670F53F1D3DB3FD00C2211B /* DetailViewController.swift */,
				C670F5411D3DB3FD00C2211B /* Main.storyboard */,
				C670F5441D3DB3FD00C2211B /* Assets.xcassets */,
				C670F5461D3DB3FD00C2211B /* LaunchScreen.storyboard */,
				C670F5491D3DB3FD00C2211B /* Info.plist */,
			);
			path = RedPacketDemon;
			sourceTree = "<group>";
		};
/* End PBXGroup section */

/* Begin PBXNativeTarget section */
		C670F5371D3DB3FD00C2211B /* RedPacketDemon */ = {
			isa = PBXNativeTarget;
			buildConfigurationList = C670F54C1D3DB3FD00C2211B /* Build configuration list for PBXNativeTarget "RedPacketDemon" */;
			buildPhases = (
				C670F5341D3DB3FD00C2211B /* Sources */,
				C670F5351D3DB3FD00C2211B /* Frameworks */,
				C670F5361D3DB3FD00C2211B /* Resources */,
			);
			buildRules = (
			);
			dependencies = (
			);
			name = RedPacketDemon;
			productName = RedPacketDemon;
			productReference = C670F5381D3DB3FD00C2211B /* RedPacketDemon.app */;
			productType = "com.apple.product-type.application";
		};
/* End PBXNativeTarget section */

/* Begin PBXProject section */
		C670F5301D3DB3FD00C2211B /* Project object */ = {
			isa = PBXProject;
			attributes = {
				LastSwiftUpdateCheck = 0730;
				LastUpgradeCheck = 0730;
				ORGANIZATIONNAME = "王雄皓";
				TargetAttributes = {
					C670F5371D3DB3FD00C2211B = {
						CreatedOnToolsVersion = 7.3.1;
					};
				};
			};
			buildConfigurationList = C670F5331D3DB3FD00C2211B /* Build configuration list for PBXProject "RedPacketDemon" */;
			compatibilityVersion = "Xcode 3.2";
			developmentRegion = English;
			hasScannedForEncodings = 0;
			knownRegions = (
				en,
				Base,
			);
			mainGroup = C670F52F1D3DB3FD00C2211B;
			productRefGroup = C670F5391D3DB3FD00C2211B /* Products */;
			projectDirPath = "";
			projectRoot = "";
			targets = (
				C670F5371D3DB3FD00C2211B /* RedPacketDemon */,
			);
		};
/* End PBXProject section */

/* Begin PBXResourcesBuildPhase section */
		C670F5361D3DB3FD00C2211B /* Resources */ = {
			isa = PBXResourcesBuildPhase;
			buildActionMask = 2147483647;
			files = (
				C670F5481D3DB3FD00C2211B /* LaunchScreen.storyboard in Resources */,
				C670F5451D3DB3FD00C2211B /* Assets.xcassets in Resources */,
				C670F5431D3DB3FD00C2211B /* Main.storyboard in Resources */,
			);
			runOnlyForDeploymentPostprocessing = 0;
		};
/* End PBXResourcesBuildPhase section */

/* Begin PBXSourcesBuildPhase section */
		C670F5341D3DB3FD00C2211B /* Sources */ = {
			isa = PBXSourcesBuildPhase;
			buildActionMask = 2147483647;
			files = (
				C670F5401D3DB3FD00C2211B /* DetailViewController.swift in Sources */,
				C670F53E1D3DB3FD00C2211B /* MasterViewController.swift in Sources */,
				C670F53C1D3DB3FD00C2211B /* AppDelegate.swift in Sources */,
			);
			runOnlyForDeploymentPostprocessing = 0;
		};
/* End PBXSourcesBuildPhase section */

/* Begin PBXVariantGroup section */
		C670F5411D3DB3FD00C2211B /* Main.storyboard */ = {
			isa = PBXVariantGroup;
			children = (
				C670F5421D3DB3FD00C2211B /* Base */,
			);
			name = Main.storyboard;
			sourceTree = "<group>";
		};
		C670F5461D3DB3FD00C2211B /* LaunchScreen.storyboard */ = {
			isa = PBXVariantGroup;
			children = (
				C670F5471D3DB3FD00C2211B /* Base */,
			);
			name = LaunchScreen.storyboard;
			sourceTree = "<group>";
		};
/* End PBXVariantGroup section */

/* Begin XCBuildConfiguration section */
		C670F54A1D3DB3FD00C2211B /* Debug */ = {
			isa = XCBuildConfiguration;
			buildSettings = {
				ALWAYS_SEARCH_USER_PATHS = NO;
				CLANG_ANALYZER_NONNULL = YES;
				CLANG_CXX_LANGUAGE_STANDARD = "gnu++0x";
				CLANG_CXX_LIBRARY = "libc++";
				CLANG_ENABLE_MODULES = YES;
				CLANG_ENABLE_OBJC_ARC = YES;
				CLANG_WARN_BOOL_CONVERSION = YES;
				CLANG_WARN_CONSTANT_CONVERSION = YES;
				CLANG_WARN_DIRECT_OBJC_ISA_USAGE = YES_ERROR;
				CLANG_WARN_EMPTY_BODY = YES;
				CLANG_WARN_ENUM_CONVERSION = YES;
				CLANG_WARN_INT_CONVERSION = YES;
				CLANG_WARN_OBJC_ROOT_CLASS = YES_ERROR;
				CLANG_WARN_UNREACHABLE_CODE = YES;
				CLANG_WARN__DUPLICATE_METHOD_MATCH = YES;
				"CODE_SIGN_IDENTITY[sdk=iphoneos*]" = "iPhone Developer";
				COPY_PHASE_STRIP = NO;
				DEBUG_INFORMATION_FORMAT = dwarf;
				ENABLE_STRICT_OBJC_MSGSEND = YES;
				ENABLE_TESTABILITY = YES;
				GCC_C_LANGUAGE_STANDARD = gnu99;
				GCC_DYNAMIC_NO_PIC = NO;
				GCC_NO_COMMON_BLOCKS = YES;
				GCC_OPTIMIZATION_LEVEL = 0;
				GCC_PREPROCESSOR_DEFINITIONS = (
					"DEBUG=1",
					"$(inherited)",
				);
				GCC_WARN_64_TO_32_BIT_CONVERSION = YES;
				GCC_WARN_ABOUT_RETURN_TYPE = YES_ERROR;
				GCC_WARN_UNDECLARED_SELECTOR = YES;
				GCC_WARN_UNINITIALIZED_AUTOS = YES_AGGRESSIVE;
				GCC_WARN_UNUSED_FUNCTION = YES;
				GCC_WARN_UNUSED_VARIABLE = YES;
				IPHONEOS_DEPLOYMENT_TARGET = 9.3;
				MTL_ENABLE_DEBUG_INFO = YES;
				ONLY_ACTIVE_ARCH = YES;
				SDKROOT = iphoneos;
				SWIFT_OPTIMIZATION_LEVEL = "-Onone";
				TARGETED_DEVICE_FAMILY = "1,2";
			};
			name = Debug;
		};
		C670F54B1D3DB3FD00C2211B /* Release */ = {
			isa = XCBuildConfiguration;
			buildSettings = {
				ALWAYS_SEARCH_USER_PATHS = NO;
				CLANG_ANALYZER_NONNULL = YES;
				CLANG_CXX_LANGUAGE_STANDARD = "gnu++0x";
				CLANG_CXX_LIBRARY = "libc++";
				CLANG_ENABLE_MODULES = YES;
				CLANG_ENABLE_OBJC_ARC = YES;
				CLANG_WARN_BOOL_CONVERSION = YES;
				CLANG_WARN_CONSTANT_CONVERSION = YES;
				CLANG_WARN_DIRECT_OBJC_ISA_USAGE = YES_ERROR;
				CLANG_WARN_EMPTY_BODY = YES;
				CLANG_WARN_ENUM_CONVERSION = YES;
				CLANG_WARN_INT_CONVERSION = YES;
				CLANG_WARN_OBJC_ROOT_CLASS = YES_ERROR;
				CLANG_WARN_UNREACHABLE_CODE = YES;
				CLANG_WARN__DUPLICATE_METHOD_MATCH = YES;
				"CODE_SIGN_IDENTITY[sdk=iphoneos*]" = "iPhone Developer";
				COPY_PHASE_STRIP = NO;
				DEBUG_INFORMATION_FORMAT = "dwarf-with-dsym";
				ENABLE_NS_ASSERTIONS = NO;
				ENABLE_STRICT_OBJC_MSGSEND = YES;
				GCC_C_LANGUAGE_STANDARD = gnu99;
				GCC_NO_COMMON_BLOCKS = YES;
				GCC_WARN_64_TO_32_BIT_CONVERSION = YES;
				GCC_WARN_ABOUT_RETURN_TYPE = YES_ERROR;
				GCC_WARN_UNDECLARED_SELECTOR = YES;
				GCC_WARN_UNINITIALIZED_AUTOS = YES_AGGRESSIVE;
				GCC_WARN_UNUSED_FUNCTION = YES;
				GCC_WARN_UNUSED_VARIABLE = YES;
				IPHONEOS_DEPLOYMENT_TARGET = 9.3;
				MTL_ENABLE_DEBUG_INFO = NO;
				SDKROOT = iphoneos;
				TARGETED_DEVICE_FAMILY = "1,2";
				VALIDATE_PRODUCT = YES;
			};
			name = Release;
		};
		C670F54D1D3DB3FD00C2211B /* Debug */ = {
			isa = XCBuildConfiguration;
			buildSettings = {
				ASSETCATALOG_COMPILER_APPICON_NAME = AppIcon;
				INFOPLIST_FILE = RedPacketDemon/Info.plist;
				LD_RUNPATH_SEARCH_PATHS = "$(inherited) @executable_path/Frameworks";
				PRODUCT_BUNDLE_IDENTIFIER = eter.RedPacketDemon;
				PRODUCT_NAME = "$(TARGET_NAME)";
			};
			name = Debug;
		};
		C670F54E1D3DB3FD00C2211B /* Release */ = {
			isa = XCBuildConfiguration;
			buildSettings = {
				ASSETCATALOG_COMPILER_APPICON_NAME = AppIcon;
				INFOPLIST_FILE = RedPacketDemon/Info.plist;
				LD_RUNPATH_SEARCH_PATHS = "$(inherited) @executable_path/Frameworks";
				PRODUCT_BUNDLE_IDENTIFIER = eter.RedPacketDemon;
				PRODUCT_NAME = "$(TARGET_NAME)";
			};
			name = Release;
		};
/* End XCBuildConfiguration section */

/* Begin XCConfigurationList section */
		C670F5331D3DB3FD00C2211B /* Build configuration list for PBXProject "RedPacketDemon" */ = {
			isa = XCConfigurationList;
			buildConfigurations = (
				C670F54A1D3DB3FD00C2211B /* Debug */,
				C670F54B1D3DB3FD00C2211B /* Release */,
			);
			defaultConfigurationIsVisible = 0;
			defaultConfigurationName = Release;
		};
		C670F54C1D3DB3FD00C2211B /* Build configuration list for PBXNativeTarget "RedPacketDemon" */ = {
			isa = XCConfigurationList;
			buildConfigurations = (
				C670F54D1D3DB3FD00C2211B /* Debug */,
				C670F54E1D3DB3FD00C2211B /* Release */,
			);
			defaultConfigurationIsVisible = 0;
		};
/* End XCConfigurationList section */
	};
	rootObject = C670F5301D3DB3FD00C2211B /* Project object */;
}
